// !$*UTF8*$!
{
	archiveVersion = 1;
	classes = {
	};
	objectVersion = 50;
	objects = {

/* Begin PBXBuildFile section */
		8732006D2446F8D300633274 /* AppDelegate.swift in Sources */ = {isa = PBXBuildFile; fileRef = 8732006C2446F8D300633274 /* AppDelegate.swift */; };
		8732006F2446F8D300633274 /* ViewController.swift in Sources */ = {isa = PBXBuildFile; fileRef = 8732006E2446F8D300633274 /* ViewController.swift */; };
		873200722446F8D300633274 /* Main.storyboard in Resources */ = {isa = PBXBuildFile; fileRef = 873200702446F8D300633274 /* Main.storyboard */; };
		873200742446F8D400633274 /* Assets.xcassets in Resources */ = {isa = PBXBuildFile; fileRef = 873200732446F8D400633274 /* Assets.xcassets */; };
		873200772446F8D400633274 /* LaunchScreen.storyboard in Resources */ = {isa = PBXBuildFile; fileRef = 873200752446F8D400633274 /* LaunchScreen.storyboard */; };
		873200EC24484BF900633274 /* RandViewController.swift in Sources */ = {isa = PBXBuildFile; fileRef = 873200EA24484BF900633274 /* RandViewController.swift */; };
		873200ED24484BF900633274 /* RandViewController.xib in Resources */ = {isa = PBXBuildFile; fileRef = 873200EB24484BF900633274 /* RandViewController.xib */; };
		873200F824486C3600633274 /* DogViewController.swift in Sources */ = {isa = PBXBuildFile; fileRef = 873200F624486C3600633274 /* DogViewController.swift */; };
		873200F924486C3600633274 /* DogViewController.xib in Resources */ = {isa = PBXBuildFile; fileRef = 873200F724486C3600633274 /* DogViewController.xib */; };
		873200FD244946F100633274 /* FrasesViewController.swift in Sources */ = {isa = PBXBuildFile; fileRef = 873200FB244946F100633274 /* FrasesViewController.swift */; };
		873200FE244946F100633274 /* FrasesViewController.xib in Resources */ = {isa = PBXBuildFile; fileRef = 873200FC244946F100633274 /* FrasesViewController.xib */; };
		87320102244966ED00633274 /* GasolinaViewController.swift in Sources */ = {isa = PBXBuildFile; fileRef = 87320100244966ED00633274 /* GasolinaViewController.swift */; };
		87320103244966ED00633274 /* GasolinaViewController.xib in Resources */ = {isa = PBXBuildFile; fileRef = 87320101244966ED00633274 /* GasolinaViewController.xib */; };
		873201052449674F00633274 /* logo2.png in Resources */ = {isa = PBXBuildFile; fileRef = 873201042449674F00633274 /* logo2.png */; };
		875B3E1D244D6771002A0802 /* PassarDadosViewController.swift in Sources */ = {isa = PBXBuildFile; fileRef = 875B3E1B244D6771002A0802 /* PassarDadosViewController.swift */; };
		875B3E20244D6873002A0802 /* PassarDados.storyboard in Resources */ = {isa = PBXBuildFile; fileRef = 875B3E1F244D6873002A0802 /* PassarDados.storyboard */; };
		875B3E22244D6D86002A0802 /* DetalhesViewController.swift in Sources */ = {isa = PBXBuildFile; fileRef = 875B3E21244D6D86002A0802 /* DetalhesViewController.swift */; };
		875B3E26244D8A0C002A0802 /* AtomConsultingViewController.swift in Sources */ = {isa = PBXBuildFile; fileRef = 875B3E25244D8A0C002A0802 /* AtomConsultingViewController.swift */; };
		875B3E28244D8A21002A0802 /* AtomConsulting.storyboard in Resources */ = {isa = PBXBuildFile; fileRef = 875B3E27244D8A21002A0802 /* AtomConsulting.storyboard */; };
/* End PBXBuildFile section */

/* Begin PBXFileReference section */
		873200692446F8D300633274 /* PrimeiroApp.app */ = {isa = PBXFileReference; explicitFileType = wrapper.application; includeInIndex = 0; path = PrimeiroApp.app; sourceTree = BUILT_PRODUCTS_DIR; };
		8732006C2446F8D300633274 /* AppDelegate.swift */ = {isa = PBXFileReference; lastKnownFileType = sourcecode.swift; path = AppDelegate.swift; sourceTree = "<group>"; };
		8732006E2446F8D300633274 /* ViewController.swift */ = {isa = PBXFileReference; lastKnownFileType = sourcecode.swift; path = ViewController.swift; sourceTree = "<group>"; };
		873200712446F8D300633274 /* Base */ = {isa = PBXFileReference; lastKnownFileType = file.storyboard; name = Base; path = Base.lproj/Main.storyboard; sourceTree = "<group>"; };
		873200732446F8D400633274 /* Assets.xcassets */ = {isa = PBXFileReference; lastKnownFileType = folder.assetcatalog; path = Assets.xcassets; sourceTree = "<group>"; };
		873200762446F8D400633274 /* Base */ = {isa = PBXFileReference; lastKnownFileType = file.storyboard; name = Base; path = Base.lproj/LaunchScreen.storyboard; sourceTree = "<group>"; };
		873200782446F8D400633274 /* Info.plist */ = {isa = PBXFileReference; lastKnownFileType = text.plist.xml; path = Info.plist; sourceTree = "<group>"; };
		873200EA24484BF900633274 /* RandViewController.swift */ = {isa = PBXFileReference; lastKnownFileType = sourcecode.swift; path = RandViewController.swift; sourceTree = "<group>"; };
		873200EB24484BF900633274 /* RandViewController.xib */ = {isa = PBXFileReference; lastKnownFileType = file.xib; path = RandViewController.xib; sourceTree = "<group>"; };
		873200F624486C3600633274 /* DogViewController.swift */ = {isa = PBXFileReference; lastKnownFileType = sourcecode.swift; path = DogViewController.swift; sourceTree = "<group>"; };
		873200F724486C3600633274 /* DogViewController.xib */ = {isa = PBXFileReference; lastKnownFileType = file.xib; path = DogViewController.xib; sourceTree = "<group>"; };
		873200FB244946F100633274 /* FrasesViewController.swift */ = {isa = PBXFileReference; lastKnownFileType = sourcecode.swift; path = FrasesViewController.swift; sourceTree = "<group>"; };
		873200FC244946F100633274 /* FrasesViewController.xib */ = {isa = PBXFileReference; lastKnownFileType = file.xib; path = FrasesViewController.xib; sourceTree = "<group>"; };
		87320100244966ED00633274 /* GasolinaViewController.swift */ = {isa = PBXFileReference; lastKnownFileType = sourcecode.swift; path = GasolinaViewController.swift; sourceTree = "<group>"; };
		87320101244966ED00633274 /* GasolinaViewController.xib */ = {isa = PBXFileReference; lastKnownFileType = file.xib; path = GasolinaViewController.xib; sourceTree = "<group>"; };
		873201042449674F00633274 /* logo2.png */ = {isa = PBXFileReference; lastKnownFileType = image.png; path = logo2.png; sourceTree = "<group>"; };
		875B3E1B244D6771002A0802 /* PassarDadosViewController.swift */ = {isa = PBXFileReference; lastKnownFileType = sourcecode.swift; path = PassarDadosViewController.swift; sourceTree = "<group>"; };
		875B3E1F244D6873002A0802 /* PassarDados.storyboard */ = {isa = PBXFileReference; lastKnownFileType = file.storyboard; path = PassarDados.storyboard; sourceTree = "<group>"; };
		875B3E21244D6D86002A0802 /* DetalhesViewController.swift */ = {isa = PBXFileReference; lastKnownFileType = sourcecode.swift; path = DetalhesViewController.swift; sourceTree = "<group>"; };
		875B3E25244D8A0C002A0802 /* AtomConsultingViewController.swift */ = {isa = PBXFileReference; lastKnownFileType = sourcecode.swift; path = AtomConsultingViewController.swift; sourceTree = "<group>"; };
		875B3E27244D8A21002A0802 /* AtomConsulting.storyboard */ = {isa = PBXFileReference; lastKnownFileType = file.storyboard; path = AtomConsulting.storyboard; sourceTree = "<group>"; };
/* End PBXFileReference section */

/* Begin PBXFrameworksBuildPhase section */
		873200662446F8D300633274 /* Frameworks */ = {
			isa = PBXFrameworksBuildPhase;
			buildActionMask = 2147483647;
			files = (
			);
			runOnlyForDeploymentPostprocessing = 0;
		};
/* End PBXFrameworksBuildPhase section */

/* Begin PBXGroup section */
		873200602446F8D300633274 = {
			isa = PBXGroup;
			children = (
				8732006B2446F8D300633274 /* PrimeiroApp */,
				8732006A2446F8D300633274 /* Products */,
			);
			sourceTree = "<group>";
		};
		8732006A2446F8D300633274 /* Products */ = {
			isa = PBXGroup;
			children = (
				873200692446F8D300633274 /* PrimeiroApp.app */,
			);
			name = Products;
			sourceTree = "<group>";
		};
		8732006B2446F8D300633274 /* PrimeiroApp */ = {
			isa = PBXGroup;
			children = (
				875B3E24244D89D1002A0802 /* AtmConsulting */,
				875B3E1A244D6749002A0802 /* PassarDados */,
				873200FF244966C800633274 /* Gasolina */,
				873200FA244946D100633274 /* Frases */,
				873200F5244869BD00633274 /* Rand */,
				873200F0244868EB00633274 /* Dog */,
				8732006C2446F8D300633274 /* AppDelegate.swift */,
				8732006E2446F8D300633274 /* ViewController.swift */,
				873200702446F8D300633274 /* Main.storyboard */,
				873200732446F8D400633274 /* Assets.xcassets */,
				873201042449674F00633274 /* logo2.png */,
				873200752446F8D400633274 /* LaunchScreen.storyboard */,
				873200782446F8D400633274 /* Info.plist */,
			);
			path = PrimeiroApp;
			sourceTree = "<group>";
		};
		873200F0244868EB00633274 /* Dog */ = {
			isa = PBXGroup;
			children = (
				873200F624486C3600633274 /* DogViewController.swift */,
				873200F724486C3600633274 /* DogViewController.xib */,
			);
			name = Dog;
			sourceTree = "<group>";
		};
		873200F5244869BD00633274 /* Rand */ = {
			isa = PBXGroup;
			children = (
				873200EA24484BF900633274 /* RandViewController.swift */,
				873200EB24484BF900633274 /* RandViewController.xib */,
			);
			name = Rand;
			sourceTree = "<group>";
		};
		873200FA244946D100633274 /* Frases */ = {
			isa = PBXGroup;
			children = (
				873200FB244946F100633274 /* FrasesViewController.swift */,
				873200FC244946F100633274 /* FrasesViewController.xib */,
			);
			name = Frases;
			sourceTree = "<group>";
		};
		873200FF244966C800633274 /* Gasolina */ = {
			isa = PBXGroup;
			children = (
				87320100244966ED00633274 /* GasolinaViewController.swift */,
				87320101244966ED00633274 /* GasolinaViewController.xib */,
			);
			name = Gasolina;
			sourceTree = "<group>";
		};
		875B3E1A244D6749002A0802 /* PassarDados */ = {
			isa = PBXGroup;
			children = (
				875B3E1B244D6771002A0802 /* PassarDadosViewController.swift */,
				875B3E1F244D6873002A0802 /* PassarDados.storyboard */,
				875B3E21244D6D86002A0802 /* DetalhesViewController.swift */,
			);
			name = PassarDados;
			sourceTree = "<group>";
		};
		875B3E24244D89D1002A0802 /* AtmConsulting */ = {
			isa = PBXGroup;
			children = (
				875B3E25244D8A0C002A0802 /* AtomConsultingViewController.swift */,
				875B3E27244D8A21002A0802 /* AtomConsulting.storyboard */,
			);
			name = AtmConsulting;
			sourceTree = "<group>";
		};
/* End PBXGroup section */

/* Begin PBXNativeTarget section */
		873200682446F8D300633274 /* PrimeiroApp */ = {
			isa = PBXNativeTarget;
			buildConfigurationList = 8732007B2446F8D400633274 /* Build configuration list for PBXNativeTarget "PrimeiroApp" */;
			buildPhases = (
				873200652446F8D300633274 /* Sources */,
				873200662446F8D300633274 /* Frameworks */,
				873200672446F8D300633274 /* Resources */,
			);
			buildRules = (
			);
			dependencies = (
			);
			name = PrimeiroApp;
			productName = PrimeiroApp;
			productReference = 873200692446F8D300633274 /* PrimeiroApp.app */;
			productType = "com.apple.product-type.application";
		};
/* End PBXNativeTarget section */

/* Begin PBXProject section */
		873200612446F8D300633274 /* Project object */ = {
			isa = PBXProject;
			attributes = {
				LastSwiftUpdateCheck = 1030;
				LastUpgradeCheck = 1030;
				ORGANIZATIONNAME = "Alexandre de Oliveira Nepomuceno";
				TargetAttributes = {
					873200682446F8D300633274 = {
						CreatedOnToolsVersion = 10.3;
					};
				};
			};
			buildConfigurationList = 873200642446F8D300633274 /* Build configuration list for PBXProject "PrimeiroApp" */;
			compatibilityVersion = "Xcode 9.3";
			developmentRegion = en;
			hasScannedForEncodings = 0;
			knownRegions = (
				en,
				Base,
			);
			mainGroup = 873200602446F8D300633274;
			productRefGroup = 8732006A2446F8D300633274 /* Products */;
			projectDirPath = "";
			projectRoot = "";
			targets = (
				873200682446F8D300633274 /* PrimeiroApp */,
			);
		};
/* End PBXProject section */

/* Begin PBXResourcesBuildPhase section */
		873200672446F8D300633274 /* Resources */ = {
			isa = PBXResourcesBuildPhase;
			buildActionMask = 2147483647;
			files = (
				873200F924486C3600633274 /* DogViewController.xib in Resources */,
				87320103244966ED00633274 /* GasolinaViewController.xib in Resources */,
				873200772446F8D400633274 /* LaunchScreen.storyboard in Resources */,
				873200742446F8D400633274 /* Assets.xcassets in Resources */,
				875B3E28244D8A21002A0802 /* AtomConsulting.storyboard in Resources */,
				873200722446F8D300633274 /* Main.storyboard in Resources */,
				875B3E20244D6873002A0802 /* PassarDados.storyboard in Resources */,
				873200FE244946F100633274 /* FrasesViewController.xib in Resources */,
				873200ED24484BF900633274 /* RandViewController.xib in Resources */,
				873201052449674F00633274 /* logo2.png in Resources */,
			);
			runOnlyForDeploymentPostprocessing = 0;
		};
/* End PBXResourcesBuildPhase section */

/* Begin PBXSourcesBuildPhase section */
		873200652446F8D300633274 /* Sources */ = {
			isa = PBXSourcesBuildPhase;
			buildActionMask = 2147483647;
			files = (
				87320102244966ED00633274 /* GasolinaViewController.swift in Sources */,
				875B3E26244D8A0C002A0802 /* AtomConsultingViewController.swift in Sources */,
				8732006F2446F8D300633274 /* ViewController.swift in Sources */,
				873200FD244946F100633274 /* FrasesViewController.swift in Sources */,
				8732006D2446F8D300633274 /* AppDelegate.swift in Sources */,
				873200EC24484BF900633274 /* RandViewController.swift in Sources */,
				875B3E22244D6D86002A0802 /* DetalhesViewController.swift in Sources */,
				873200F824486C3600633274 /* DogViewController.swift in Sources */,
				875B3E1D244D6771002A0802 /* PassarDadosViewController.swift in Sources */,
			);
			runOnlyForDeploymentPostprocessing = 0;
		};
/* End PBXSourcesBuildPhase section */

/* Begin PBXVariantGroup section */
		873200702446F8D300633274 /* Main.storyboard */ = {
			isa = PBXVariantGroup;
			children = (
				873200712446F8D300633274 /* Base */,
			);
			name = Main.storyboard;
			sourceTree = "<group>";
		};
		873200752446F8D400633274 /* LaunchScreen.storyboard */ = {
			isa = PBXVariantGroup;
			children = (
				873200762446F8D400633274 /* Base */,
			);
			name = LaunchScreen.storyboard;
			sourceTree = "<group>";
		};
/* End PBXVariantGroup section */

/* Begin XCBuildConfiguration section */
		873200792446F8D400633274 /* Debug */ = {
			isa = XCBuildConfiguration;
			buildSettings = {
				ALWAYS_SEARCH_USER_PATHS = NO;
				CLANG_ANALYZER_NONNULL = YES;
				CLANG_ANALYZER_NUMBER_OBJECT_CONVERSION = YES_AGGRESSIVE;
				CLANG_CXX_LANGUAGE_STANDARD = "gnu++14";
				CLANG_CXX_LIBRARY = "libc++";
				CLANG_ENABLE_MODULES = YES;
				CLANG_ENABLE_OBJC_ARC = YES;
				CLANG_ENABLE_OBJC_WEAK = YES;
				CLANG_WARN_BLOCK_CAPTURE_AUTORELEASING = YES;
				CLANG_WARN_BOOL_CONVERSION = YES;
				CLANG_WARN_COMMA = YES;
				CLANG_WARN_CONSTANT_CONVERSION = YES;
				CLANG_WARN_DEPRECATED_OBJC_IMPLEMENTATIONS = YES;
				CLANG_WARN_DIRECT_OBJC_ISA_USAGE = YES_ERROR;
				CLANG_WARN_DOCUMENTATION_COMMENTS = YES;
				CLANG_WARN_EMPTY_BODY = YES;
				CLANG_WARN_ENUM_CONVERSION = YES;
				CLANG_WARN_INFINITE_RECURSION = YES;
				CLANG_WARN_INT_CONVERSION = YES;
				CLANG_WARN_NON_LITERAL_NULL_CONVERSION = YES;
				CLANG_WARN_OBJC_IMPLICIT_RETAIN_SELF = YES;
				CLANG_WARN_OBJC_LITERAL_CONVERSION = YES;
				CLANG_WARN_OBJC_ROOT_CLASS = YES_ERROR;
				CLANG_WARN_RANGE_LOOP_ANALYSIS = YES;
				CLANG_WARN_STRICT_PROTOTYPES = YES;
				CLANG_WARN_SUSPICIOUS_MOVE = YES;
				CLANG_WARN_UNGUARDED_AVAILABILITY = YES_AGGRESSIVE;
				CLANG_WARN_UNREACHABLE_CODE = YES;
				CLANG_WARN__DUPLICATE_METHOD_MATCH = YES;
				CODE_SIGN_IDENTITY = "iPhone Developer";
				COPY_PHASE_STRIP = NO;
				DEBUG_INFORMATION_FORMAT = dwarf;
				ENABLE_STRICT_OBJC_MSGSEND = YES;
				ENABLE_TESTABILITY = YES;
				GCC_C_LANGUAGE_STANDARD = gnu11;
				GCC_DYNAMIC_NO_PIC = NO;
				GCC_NO_COMMON_BLOCKS = YES;
				GCC_OPTIMIZATION_LEVEL = 0;
				GCC_PREPROCESSOR_DEFINITIONS = (
					"DEBUG=1",
					"$(inherited)",
				);
				GCC_WARN_64_TO_32_BIT_CONVERSION = YES;
				GCC_WARN_ABOUT_RETURN_TYPE = YES_ERROR;
				GCC_WARN_UNDECLARED_SELECTOR = YES;
				GCC_WARN_UNINITIALIZED_AUTOS = YES_AGGRESSIVE;
				GCC_WARN_UNUSED_FUNCTION = YES;
				GCC_WARN_UNUSED_VARIABLE = YES;
				IPHONEOS_DEPLOYMENT_TARGET = 12.4;
				MTL_ENABLE_DEBUG_INFO = INCLUDE_SOURCE;
				MTL_FAST_MATH = YES;
				ONLY_ACTIVE_ARCH = YES;
				SDKROOT = iphoneos;
				SWIFT_ACTIVE_COMPILATION_CONDITIONS = DEBUG;
				SWIFT_OPTIMIZATION_LEVEL = "-Onone";
			};
			name = Debug;
		};
		8732007A2446F8D400633274 /* Release */ = {
			isa = XCBuildConfiguration;
			buildSettings = {
				ALWAYS_SEARCH_USER_PATHS = NO;
				CLANG_ANALYZER_NONNULL = YES;
				CLANG_ANALYZER_NUMBER_OBJECT_CONVERSION = YES_AGGRESSIVE;
				CLANG_CXX_LANGUAGE_STANDARD = "gnu++14";
				CLANG_CXX_LIBRARY = "libc++";
				CLANG_ENABLE_MODULES = YES;
				CLANG_ENABLE_OBJC_ARC = YES;
				CLANG_ENABLE_OBJC_WEAK = YES;
				CLANG_WARN_BLOCK_CAPTURE_AUTORELEASING = YES;
				CLANG_WARN_BOOL_CONVERSION = YES;
				CLANG_WARN_COMMA = YES;
				CLANG_WARN_CONSTANT_CONVERSION = YES;
				CLANG_WARN_DEPRECATED_OBJC_IMPLEMENTATIONS = YES;
				CLANG_WARN_DIRECT_OBJC_ISA_USAGE = YES_ERROR;
				CLANG_WARN_DOCUMENTATION_COMMENTS = YES;
				CLANG_WARN_EMPTY_BODY = YES;
				CLANG_WARN_ENUM_CONVERSION = YES;
				CLANG_WARN_INFINITE_RECURSION = YES;
				CLANG_WARN_INT_CONVERSION = YES;
				CLANG_WARN_NON_LITERAL_NULL_CONVERSION = YES;
				CLANG_WARN_OBJC_IMPLICIT_RETAIN_SELF = YES;
				CLANG_WARN_OBJC_LITERAL_CONVERSION = YES;
				CLANG_WARN_OBJC_ROOT_CLASS = YES_ERROR;
				CLANG_WARN_RANGE_LOOP_ANALYSIS = YES;
				CLANG_WARN_STRICT_PROTOTYPES = YES;
				CLANG_WARN_SUSPICIOUS_MOVE = YES;
				CLANG_WARN_UNGUARDED_AVAILABILITY = YES_AGGRESSIVE;
				CLANG_WARN_UNREACHABLE_CODE = YES;
				CLANG_WARN__DUPLICATE_METHOD_MATCH = YES;
				CODE_SIGN_IDENTITY = "iPhone Developer";
				COPY_PHASE_STRIP = NO;
				DEBUG_INFORMATION_FORMAT = "dwarf-with-dsym";
				ENABLE_NS_ASSERTIONS = NO;
				ENABLE_STRICT_OBJC_MSGSEND = YES;
				GCC_C_LANGUAGE_STANDARD = gnu11;
				GCC_NO_COMMON_BLOCKS = YES;
				GCC_WARN_64_TO_32_BIT_CONVERSION = YES;
				GCC_WARN_ABOUT_RETURN_TYPE = YES_ERROR;
				GCC_WARN_UNDECLARED_SELECTOR = YES;
				GCC_WARN_UNINITIALIZED_AUTOS = YES_AGGRESSIVE;
				GCC_WARN_UNUSED_FUNCTION = YES;
				GCC_WARN_UNUSED_VARIABLE = YES;
				IPHONEOS_DEPLOYMENT_TARGET = 12.4;
				MTL_ENABLE_DEBUG_INFO = NO;
				MTL_FAST_MATH = YES;
				SDKROOT = iphoneos;
				SWIFT_COMPILATION_MODE = wholemodule;
				SWIFT_OPTIMIZATION_LEVEL = "-O";
				VALIDATE_PRODUCT = YES;
			};
			name = Release;
		};
		8732007C2446F8D400633274 /* Debug */ = {
			isa = XCBuildConfiguration;
			buildSettings = {
				ASSETCATALOG_COMPILER_APPICON_NAME = AppIcon;
				CODE_SIGN_STYLE = Automatic;
				INFOPLIST_FILE = PrimeiroApp/Info.plist;
				LD_RUNPATH_SEARCH_PATHS = (
					"$(inherited)",
					"@executable_path/Frameworks",
				);
				PRODUCT_BUNDLE_IDENTIFIER = Nepomuceno.com.PrimeiroApp;
				PRODUCT_NAME = "$(TARGET_NAME)";
				SWIFT_VERSION = 5.0;
				TARGETED_DEVICE_FAMILY = "1,2";
			};
			name = Debug;
		};
		8732007D2446F8D400633274 /* Release */ = {
			isa = XCBuildConfiguration;
			buildSettings = {
				ASSETCATALOG_COMPILER_APPICON_NAME = AppIcon;
				CODE_SIGN_STYLE = Automatic;
				INFOPLIST_FILE = PrimeiroApp/Info.plist;
				LD_RUNPATH_SEARCH_PATHS = (
					"$(inherited)",
					"@executable_path/Frameworks",
				);
				PRODUCT_BUNDLE_IDENTIFIER = Nepomuceno.com.PrimeiroApp;
				PRODUCT_NAME = "$(TARGET_NAME)";
				SWIFT_VERSION = 5.0;
				TARGETED_DEVICE_FAMILY = "1,2";
			};
			name = Release;
		};
/* End XCBuildConfiguration section */

/* Begin XCConfigurationList section */
		873200642446F8D300633274 /* Build configuration list for PBXProject "PrimeiroApp" */ = {
			isa = XCConfigurationList;
			buildConfigurations = (
				873200792446F8D400633274 /* Debug */,
				8732007A2446F8D400633274 /* Release */,
			);
			defaultConfigurationIsVisible = 0;
			defaultConfigurationName = Release;
		};
		8732007B2446F8D400633274 /* Build configuration list for PBXNativeTarget "PrimeiroApp" */ = {
			isa = XCConfigurationList;
			buildConfigurations = (
				8732007C2446F8D400633274 /* Debug */,
				8732007D2446F8D400633274 /* Release */,
			);
			defaultConfigurationIsVisible = 0;
			defaultConfigurationName = Release;
		};
/* End XCConfigurationList section */
	};
	rootObject = 873200612446F8D300633274 /* Project object */;
}
